
Microsoft Visual Studio Solution File, Format Version 12.00
# Visual Studio 15
VisualStudioVersion = 15.0.28307.1401
MinimumVisualStudioVersion = 10.0.40219.1
Project("{FAE04EC0-301F-11D3-BF4B-00C04F79EFBC}") = "dev_try2", "dev_try2\dev_try2.csproj", "{AC70CFC9-2E26-4DE3-9384-283AA17343D7}"
EndProject
Global
	GlobalSection(SolutionConfigurationPlatforms) = preSolution
		Debug|Any CPU = Debug|Any CPU
		Release|Any CPU = Release|Any CPU
	EndGlobalSection
	GlobalSection(ProjectConfigurationPlatforms) = postSolution
		{AC70CFC9-2E26-4DE3-9384-283AA17343D7}.Debug|Any CPU.ActiveCfg = Debug|Any CPU
		{AC70CFC9-2E26-4DE3-9384-283AA17343D7}.Debug|Any CPU.Build.0 = Debug|Any CPU
		{AC70CFC9-2E26-4DE3-9384-283AA17343D7}.Release|Any CPU.ActiveCfg = Release|Any CPU
		{AC70CFC9-2E26-4DE3-9384-283AA17343D7}.Release|Any CPU.Build.0 = Release|Any CPU
	EndGlobalSection
	GlobalSection(SolutionProperties) = preSolution
		HideSolutionNode = FALSE
	EndGlobalSection
	GlobalSection(ExtensibilityGlobals) = postSolution
		SolutionGuid = {5D135E7A-C053-498C-B7E1-1BB246460EC1}
	EndGlobalSection
EndGlobal
